// !$*UTF8*$!
{
	archiveVersion = 1;
	classes = {
	};
	objectVersion = 56;
	objects = {

/* Begin PBXBuildFile section */
		1A1EC122296F34500023535E /* LearningApp.swift in Sources */ = {isa = PBXBuildFile; fileRef = 1A1EC121296F34500023535E /* LearningApp.swift */; };
		1A1EC124296F34500023535E /* HomeView.swift in Sources */ = {isa = PBXBuildFile; fileRef = 1A1EC123296F34500023535E /* HomeView.swift */; };
		1A1EC126296F34510023535E /* Assets.xcassets in Resources */ = {isa = PBXBuildFile; fileRef = 1A1EC125296F34510023535E /* Assets.xcassets */; };
		1A1EC129296F34510023535E /* Preview Assets.xcassets in Resources */ = {isa = PBXBuildFile; fileRef = 1A1EC128296F34510023535E /* Preview Assets.xcassets */; };
		1A1EC135296F35710023535E /* ContentModel.swift in Sources */ = {isa = PBXBuildFile; fileRef = 1A1EC134296F35710023535E /* ContentModel.swift */; };
		1A1EC138296F3FBE0023535E /* data.json in Resources */ = {isa = PBXBuildFile; fileRef = 1A1EC136296F3FBD0023535E /* data.json */; };
		1A1EC139296F3FBE0023535E /* style.html in Resources */ = {isa = PBXBuildFile; fileRef = 1A1EC137296F3FBD0023535E /* style.html */; };
		1A1EC13B296F41AF0023535E /* Models.swift in Sources */ = {isa = PBXBuildFile; fileRef = 1A1EC13A296F41AF0023535E /* Models.swift */; };
		1A38CAB12974B4890046696C /* ContentView.swift in Sources */ = {isa = PBXBuildFile; fileRef = 1A38CAB02974B4890046696C /* ContentView.swift */; };
		1A38CAB32974BD4C0046696C /* ContentViewRow.swift in Sources */ = {isa = PBXBuildFile; fileRef = 1A38CAB22974BD4C0046696C /* ContentViewRow.swift */; };
		1A7FDF27297377BE00BA4955 /* HomeViewRow.swift in Sources */ = {isa = PBXBuildFile; fileRef = 1A7FDF26297377BE00BA4955 /* HomeViewRow.swift */; };
		1AA08908299E8ADB00A5866D /* RectangleCard.swift in Sources */ = {isa = PBXBuildFile; fileRef = 1AA08907299E8ADB00A5866D /* RectangleCard.swift */; };
		1ADEC7F2297896A1000AFE12 /* ContentDetailView.swift in Sources */ = {isa = PBXBuildFile; fileRef = 1ADEC7F1297896A1000AFE12 /* ContentDetailView.swift */; };
		1ADEC7F529789959000AFE12 /* AVKit.framework in Frameworks */ = {isa = PBXBuildFile; fileRef = 1ADEC7F429789959000AFE12 /* AVKit.framework */; };
		1ADEC7F729789CAE000AFE12 /* Constants.swift in Sources */ = {isa = PBXBuildFile; fileRef = 1ADEC7F629789CAE000AFE12 /* Constants.swift */; };
		1AF0938C298011E800A42CD5 /* CodeTextView.swift in Sources */ = {isa = PBXBuildFile; fileRef = 1AF0938B298011E800A42CD5 /* CodeTextView.swift */; };
/* End PBXBuildFile section */

/* Begin PBXFileReference section */
		1A1EC11E296F34500023535E /* LearningApp.app */ = {isa = PBXFileReference; explicitFileType = wrapper.application; includeInIndex = 0; path = LearningApp.app; sourceTree = BUILT_PRODUCTS_DIR; };
		1A1EC121296F34500023535E /* LearningApp.swift */ = {isa = PBXFileReference; lastKnownFileType = sourcecode.swift; path = LearningApp.swift; sourceTree = "<group>"; };
		1A1EC123296F34500023535E /* HomeView.swift */ = {isa = PBXFileReference; lastKnownFileType = sourcecode.swift; path = HomeView.swift; sourceTree = "<group>"; };
		1A1EC125296F34510023535E /* Assets.xcassets */ = {isa = PBXFileReference; lastKnownFileType = folder.assetcatalog; path = Assets.xcassets; sourceTree = "<group>"; };
		1A1EC128296F34510023535E /* Preview Assets.xcassets */ = {isa = PBXFileReference; lastKnownFileType = folder.assetcatalog; path = "Preview Assets.xcassets"; sourceTree = "<group>"; };
		1A1EC134296F35710023535E /* ContentModel.swift */ = {isa = PBXFileReference; lastKnownFileType = sourcecode.swift; path = ContentModel.swift; sourceTree = "<group>"; };
		1A1EC136296F3FBD0023535E /* data.json */ = {isa = PBXFileReference; fileEncoding = 4; lastKnownFileType = text.json; path = data.json; sourceTree = "<group>"; };
		1A1EC137296F3FBD0023535E /* style.html */ = {isa = PBXFileReference; fileEncoding = 4; lastKnownFileType = text.html; path = style.html; sourceTree = "<group>"; };
		1A1EC13A296F41AF0023535E /* Models.swift */ = {isa = PBXFileReference; lastKnownFileType = sourcecode.swift; path = Models.swift; sourceTree = "<group>"; };
		1A38CAB02974B4890046696C /* ContentView.swift */ = {isa = PBXFileReference; lastKnownFileType = sourcecode.swift; path = ContentView.swift; sourceTree = "<group>"; };
		1A38CAB22974BD4C0046696C /* ContentViewRow.swift */ = {isa = PBXFileReference; lastKnownFileType = sourcecode.swift; path = ContentViewRow.swift; sourceTree = "<group>"; };
		1A7FDF26297377BE00BA4955 /* HomeViewRow.swift */ = {isa = PBXFileReference; lastKnownFileType = sourcecode.swift; path = HomeViewRow.swift; sourceTree = "<group>"; };
		1AA08907299E8ADB00A5866D /* RectangleCard.swift */ = {isa = PBXFileReference; lastKnownFileType = sourcecode.swift; path = RectangleCard.swift; sourceTree = "<group>"; };
		1ADEC7F1297896A1000AFE12 /* ContentDetailView.swift */ = {isa = PBXFileReference; lastKnownFileType = sourcecode.swift; path = ContentDetailView.swift; sourceTree = "<group>"; };
		1ADEC7F429789959000AFE12 /* AVKit.framework */ = {isa = PBXFileReference; lastKnownFileType = wrapper.framework; name = AVKit.framework; path = System/Library/Frameworks/AVKit.framework; sourceTree = SDKROOT; };
		1ADEC7F629789CAE000AFE12 /* Constants.swift */ = {isa = PBXFileReference; lastKnownFileType = sourcecode.swift; path = Constants.swift; sourceTree = "<group>"; };
		1AF0938B298011E800A42CD5 /* CodeTextView.swift */ = {isa = PBXFileReference; lastKnownFileType = sourcecode.swift; path = CodeTextView.swift; sourceTree = "<group>"; };
/* End PBXFileReference section */

/* Begin PBXFrameworksBuildPhase section */
		1A1EC11B296F34500023535E /* Frameworks */ = {
			isa = PBXFrameworksBuildPhase;
			buildActionMask = 2147483647;
			files = (
				1ADEC7F529789959000AFE12 /* AVKit.framework in Frameworks */,
			);
			runOnlyForDeploymentPostprocessing = 0;
		};
/* End PBXFrameworksBuildPhase section */

/* Begin PBXGroup section */
		1A1EC115296F34500023535E = {
			isa = PBXGroup;
			children = (
				1A1EC120296F34500023535E /* LearningApp */,
				1A1EC11F296F34500023535E /* Products */,
				1ADEC7F329789958000AFE12 /* Frameworks */,
			);
			sourceTree = "<group>";
		};
		1A1EC11F296F34500023535E /* Products */ = {
			isa = PBXGroup;
			children = (
				1A1EC11E296F34500023535E /* LearningApp.app */,
			);
			name = Products;
			sourceTree = "<group>";
		};
		1A1EC120296F34500023535E /* LearningApp */ = {
			isa = PBXGroup;
			children = (
				1A1EC121296F34500023535E /* LearningApp.swift */,
				1A1EC12F296F34D20023535E /* Views */,
				1A1EC130296F34DE0023535E /* ViewModels */,
				1A1EC131296F34EF0023535E /* Models */,
				1A1EC132296F34F30023535E /* Resources */,
				1A1EC133296F35080023535E /* Helpers */,
				1A1EC125296F34510023535E /* Assets.xcassets */,
				1A1EC127296F34510023535E /* Preview Content */,
			);
			path = LearningApp;
			sourceTree = "<group>";
		};
		1A1EC127296F34510023535E /* Preview Content */ = {
			isa = PBXGroup;
			children = (
				1A1EC128296F34510023535E /* Preview Assets.xcassets */,
			);
			path = "Preview Content";
			sourceTree = "<group>";
		};
		1A1EC12F296F34D20023535E /* Views */ = {
			isa = PBXGroup;
			children = (
				1A1EC123296F34500023535E /* HomeView.swift */,
				1A7FDF26297377BE00BA4955 /* HomeViewRow.swift */,
				1A38CAB02974B4890046696C /* ContentView.swift */,
				1A38CAB22974BD4C0046696C /* ContentViewRow.swift */,
				1ADEC7F1297896A1000AFE12 /* ContentDetailView.swift */,
				1AF0938B298011E800A42CD5 /* CodeTextView.swift */,
				1AA08907299E8ADB00A5866D /* RectangleCard.swift */,
			);
			path = Views;
			sourceTree = "<group>";
		};
		1A1EC130296F34DE0023535E /* ViewModels */ = {
			isa = PBXGroup;
			children = (
				1A1EC134296F35710023535E /* ContentModel.swift */,
			);
			path = ViewModels;
			sourceTree = "<group>";
		};
		1A1EC131296F34EF0023535E /* Models */ = {
			isa = PBXGroup;
			children = (
				1A1EC13A296F41AF0023535E /* Models.swift */,
			);
			path = Models;
			sourceTree = "<group>";
		};
		1A1EC132296F34F30023535E /* Resources */ = {
			isa = PBXGroup;
			children = (
				1A1EC136296F3FBD0023535E /* data.json */,
				1A1EC137296F3FBD0023535E /* style.html */,
				1ADEC7F629789CAE000AFE12 /* Constants.swift */,
			);
			path = Resources;
			sourceTree = "<group>";
		};
		1A1EC133296F35080023535E /* Helpers */ = {
			isa = PBXGroup;
			children = (
			);
			path = Helpers;
			sourceTree = "<group>";
		};
		1ADEC7F329789958000AFE12 /* Frameworks */ = {
			isa = PBXGroup;
			children = (
				1ADEC7F429789959000AFE12 /* AVKit.framework */,
			);
			name = Frameworks;
			sourceTree = "<group>";
		};
/* End PBXGroup section */

/* Begin PBXNativeTarget section */
		1A1EC11D296F34500023535E /* LearningApp */ = {
			isa = PBXNativeTarget;
			buildConfigurationList = 1A1EC12C296F34510023535E /* Build configuration list for PBXNativeTarget "LearningApp" */;
			buildPhases = (
				1A1EC11A296F34500023535E /* Sources */,
				1A1EC11B296F34500023535E /* Frameworks */,
				1A1EC11C296F34500023535E /* Resources */,
			);
			buildRules = (
			);
			dependencies = (
			);
			name = LearningApp;
			productName = LearningApp;
			productReference = 1A1EC11E296F34500023535E /* LearningApp.app */;
			productType = "com.apple.product-type.application";
		};
/* End PBXNativeTarget section */

/* Begin PBXProject section */
		1A1EC116296F34500023535E /* Project object */ = {
			isa = PBXProject;
			attributes = {
				BuildIndependentTargetsInParallel = 1;
				LastSwiftUpdateCheck = 1420;
				LastUpgradeCheck = 1420;
				TargetAttributes = {
					1A1EC11D296F34500023535E = {
						CreatedOnToolsVersion = 14.2;
					};
				};
			};
			buildConfigurationList = 1A1EC119296F34500023535E /* Build configuration list for PBXProject "LearningApp" */;
			compatibilityVersion = "Xcode 14.0";
			developmentRegion = en;
			hasScannedForEncodings = 0;
			knownRegions = (
				en,
				Base,
			);
			mainGroup = 1A1EC115296F34500023535E;
			productRefGroup = 1A1EC11F296F34500023535E /* Products */;
			projectDirPath = "";
			projectRoot = "";
			targets = (
				1A1EC11D296F34500023535E /* LearningApp */,
			);
		};
/* End PBXProject section */

/* Begin PBXResourcesBuildPhase section */
		1A1EC11C296F34500023535E /* Resources */ = {
			isa = PBXResourcesBuildPhase;
			buildActionMask = 2147483647;
			files = (
				1A1EC129296F34510023535E /* Preview Assets.xcassets in Resources */,
				1A1EC138296F3FBE0023535E /* data.json in Resources */,
				1A1EC139296F3FBE0023535E /* style.html in Resources */,
				1A1EC126296F34510023535E /* Assets.xcassets in Resources */,
			);
			runOnlyForDeploymentPostprocessing = 0;
		};
/* End PBXResourcesBuildPhase section */

/* Begin PBXSourcesBuildPhase section */
		1A1EC11A296F34500023535E /* Sources */ = {
			isa = PBXSourcesBuildPhase;
			buildActionMask = 2147483647;
			files = (
				1A7FDF27297377BE00BA4955 /* HomeViewRow.swift in Sources */,
				1A1EC124296F34500023535E /* HomeView.swift in Sources */,
				1AA08908299E8ADB00A5866D /* RectangleCard.swift in Sources */,
				1A38CAB12974B4890046696C /* ContentView.swift in Sources */,
				1ADEC7F2297896A1000AFE12 /* ContentDetailView.swift in Sources */,
				1A1EC122296F34500023535E /* LearningApp.swift in Sources */,
				1A38CAB32974BD4C0046696C /* ContentViewRow.swift in Sources */,
				1AF0938C298011E800A42CD5 /* CodeTextView.swift in Sources */,
				1A1EC135296F35710023535E /* ContentModel.swift in Sources */,
				1A1EC13B296F41AF0023535E /* Models.swift in Sources */,
				1ADEC7F729789CAE000AFE12 /* Constants.swift in Sources */,
			);
			runOnlyForDeploymentPostprocessing = 0;
		};
/* End PBXSourcesBuildPhase section */

/* Begin XCBuildConfiguration section */
		1A1EC12A296F34510023535E /* Debug */ = {
			isa = XCBuildConfiguration;
			buildSettings = {
				ALWAYS_SEARCH_USER_PATHS = NO;
				CLANG_ANALYZER_NONNULL = YES;
				CLANG_ANALYZER_NUMBER_OBJECT_CONVERSION = YES_AGGRESSIVE;
				CLANG_CXX_LANGUAGE_STANDARD = "gnu++20";
				CLANG_ENABLE_MODULES = YES;
				CLANG_ENABLE_OBJC_ARC = YES;
				CLANG_ENABLE_OBJC_WEAK = YES;
				CLANG_WARN_BLOCK_CAPTURE_AUTORELEASING = YES;
				CLANG_WARN_BOOL_CONVERSION = YES;
				CLANG_WARN_COMMA = YES;
				CLANG_WARN_CONSTANT_CONVERSION = YES;
				CLANG_WARN_DEPRECATED_OBJC_IMPLEMENTATIONS = YES;
				CLANG_WARN_DIRECT_OBJC_ISA_USAGE = YES_ERROR;
				CLANG_WARN_DOCUMENTATION_COMMENTS = YES;
				CLANG_WARN_EMPTY_BODY = YES;
				CLANG_WARN_ENUM_CONVERSION = YES;
				CLANG_WARN_INFINITE_RECURSION = YES;
				CLANG_WARN_INT_CONVERSION = YES;
				CLANG_WARN_NON_LITERAL_NULL_CONVERSION = YES;
				CLANG_WARN_OBJC_IMPLICIT_RETAIN_SELF = YES;
				CLANG_WARN_OBJC_LITERAL_CONVERSION = YES;
				CLANG_WARN_OBJC_ROOT_CLASS = YES_ERROR;
				CLANG_WARN_QUOTED_INCLUDE_IN_FRAMEWORK_HEADER = YES;
				CLANG_WARN_RANGE_LOOP_ANALYSIS = YES;
				CLANG_WARN_STRICT_PROTOTYPES = YES;
				CLANG_WARN_SUSPICIOUS_MOVE = YES;
				CLANG_WARN_UNGUARDED_AVAILABILITY = YES_AGGRESSIVE;
				CLANG_WARN_UNREACHABLE_CODE = YES;
				CLANG_WARN__DUPLICATE_METHOD_MATCH = YES;
				COPY_PHASE_STRIP = NO;
				DEBUG_INFORMATION_FORMAT = dwarf;
				ENABLE_STRICT_OBJC_MSGSEND = YES;
				ENABLE_TESTABILITY = YES;
				GCC_C_LANGUAGE_STANDARD = gnu11;
				GCC_DYNAMIC_NO_PIC = NO;
				GCC_NO_COMMON_BLOCKS = YES;
				GCC_OPTIMIZATION_LEVEL = 0;
				GCC_PREPROCESSOR_DEFINITIONS = (
					"DEBUG=1",
					"$(inherited)",
				);
				GCC_WARN_64_TO_32_BIT_CONVERSION = YES;
				GCC_WARN_ABOUT_RETURN_TYPE = YES_ERROR;
				GCC_WARN_UNDECLARED_SELECTOR = YES;
				GCC_WARN_UNINITIALIZED_AUTOS = YES_AGGRESSIVE;
				GCC_WARN_UNUSED_FUNCTION = YES;
				GCC_WARN_UNUSED_VARIABLE = YES;
				IPHONEOS_DEPLOYMENT_TARGET = 16.2;
				MTL_ENABLE_DEBUG_INFO = INCLUDE_SOURCE;
				MTL_FAST_MATH = YES;
				ONLY_ACTIVE_ARCH = YES;
				SDKROOT = iphoneos;
				SWIFT_ACTIVE_COMPILATION_CONDITIONS = DEBUG;
				SWIFT_OPTIMIZATION_LEVEL = "-Onone";
			};
			name = Debug;
		};
		1A1EC12B296F34510023535E /* Release */ = {
			isa = XCBuildConfiguration;
			buildSettings = {
				ALWAYS_SEARCH_USER_PATHS = NO;
				CLANG_ANALYZER_NONNULL = YES;
				CLANG_ANALYZER_NUMBER_OBJECT_CONVERSION = YES_AGGRESSIVE;
				CLANG_CXX_LANGUAGE_STANDARD = "gnu++20";
				CLANG_ENABLE_MODULES = YES;
				CLANG_ENABLE_OBJC_ARC = YES;
				CLANG_ENABLE_OBJC_WEAK = YES;
				CLANG_WARN_BLOCK_CAPTURE_AUTORELEASING = YES;
				CLANG_WARN_BOOL_CONVERSION = YES;
				CLANG_WARN_COMMA = YES;
				CLANG_WARN_CONSTANT_CONVERSION = YES;
				CLANG_WARN_DEPRECATED_OBJC_IMPLEMENTATIONS = YES;
				CLANG_WARN_DIRECT_OBJC_ISA_USAGE = YES_ERROR;
				CLANG_WARN_DOCUMENTATION_COMMENTS = YES;
				CLANG_WARN_EMPTY_BODY = YES;
				CLANG_WARN_ENUM_CONVERSION = YES;
				CLANG_WARN_INFINITE_RECURSION = YES;
				CLANG_WARN_INT_CONVERSION = YES;
				CLANG_WARN_NON_LITERAL_NULL_CONVERSION = YES;
				CLANG_WARN_OBJC_IMPLICIT_RETAIN_SELF = YES;
				CLANG_WARN_OBJC_LITERAL_CONVERSION = YES;
				CLANG_WARN_OBJC_ROOT_CLASS = YES_ERROR;
				CLANG_WARN_QUOTED_INCLUDE_IN_FRAMEWORK_HEADER = YES;
				CLANG_WARN_RANGE_LOOP_ANALYSIS = YES;
				CLANG_WARN_STRICT_PROTOTYPES = YES;
				CLANG_WARN_SUSPICIOUS_MOVE = YES;
				CLANG_WARN_UNGUARDED_AVAILABILITY = YES_AGGRESSIVE;
				CLANG_WARN_UNREACHABLE_CODE = YES;
				CLANG_WARN__DUPLICATE_METHOD_MATCH = YES;
				COPY_PHASE_STRIP = NO;
				DEBUG_INFORMATION_FORMAT = "dwarf-with-dsym";
				ENABLE_NS_ASSERTIONS = NO;
				ENABLE_STRICT_OBJC_MSGSEND = YES;
				GCC_C_LANGUAGE_STANDARD = gnu11;
				GCC_NO_COMMON_BLOCKS = YES;
				GCC_WARN_64_TO_32_BIT_CONVERSION = YES;
				GCC_WARN_ABOUT_RETURN_TYPE = YES_ERROR;
				GCC_WARN_UNDECLARED_SELECTOR = YES;
				GCC_WARN_UNINITIALIZED_AUTOS = YES_AGGRESSIVE;
				GCC_WARN_UNUSED_FUNCTION = YES;
				GCC_WARN_UNUSED_VARIABLE = YES;
				IPHONEOS_DEPLOYMENT_TARGET = 16.2;
				MTL_ENABLE_DEBUG_INFO = NO;
				MTL_FAST_MATH = YES;
				SDKROOT = iphoneos;
				SWIFT_COMPILATION_MODE = wholemodule;
				SWIFT_OPTIMIZATION_LEVEL = "-O";
				VALIDATE_PRODUCT = YES;
			};
			name = Release;
		};
		1A1EC12D296F34510023535E /* Debug */ = {
			isa = XCBuildConfiguration;
			buildSettings = {
				ASSETCATALOG_COMPILER_APPICON_NAME = AppIcon;
				ASSETCATALOG_COMPILER_GLOBAL_ACCENT_COLOR_NAME = AccentColor;
				CODE_SIGN_STYLE = Automatic;
				CURRENT_PROJECT_VERSION = 1;
				DEVELOPMENT_ASSET_PATHS = "\"LearningApp/Preview Content\"";
				DEVELOPMENT_TEAM = Y965A522N6;
				ENABLE_PREVIEWS = YES;
				GENERATE_INFOPLIST_FILE = YES;
				INFOPLIST_KEY_UIApplicationSceneManifest_Generation = YES;
				INFOPLIST_KEY_UIApplicationSupportsIndirectInputEvents = YES;
				INFOPLIST_KEY_UILaunchScreen_Generation = YES;
				INFOPLIST_KEY_UISupportedInterfaceOrientations_iPad = "UIInterfaceOrientationPortrait UIInterfaceOrientationPortraitUpsideDown UIInterfaceOrientationLandscapeLeft UIInterfaceOrientationLandscapeRight";
				INFOPLIST_KEY_UISupportedInterfaceOrientations_iPhone = "UIInterfaceOrientationPortrait UIInterfaceOrientationLandscapeLeft UIInterfaceOrientationLandscapeRight";
				LD_RUNPATH_SEARCH_PATHS = (
					"$(inherited)",
					"@executable_path/Frameworks",
				);
				MARKETING_VERSION = 1.0;
				PRODUCT_BUNDLE_IDENTIFIER = aolehno.LearningApp;
				PRODUCT_NAME = "$(TARGET_NAME)";
				SWIFT_EMIT_LOC_STRINGS = YES;
				SWIFT_VERSION = 5.0;
				TARGETED_DEVICE_FAMILY = "1,2";
			};
			name = Debug;
		};
		1A1EC12E296F34510023535E /* Release */ = {
			isa = XCBuildConfiguration;
			buildSettings = {
				ASSETCATALOG_COMPILER_APPICON_NAME = AppIcon;
				ASSETCATALOG_COMPILER_GLOBAL_ACCENT_COLOR_NAME = AccentColor;
				CODE_SIGN_STYLE = Automatic;
				CURRENT_PROJECT_VERSION = 1;
				DEVELOPMENT_ASSET_PATHS = "\"LearningApp/Preview Content\"";
				DEVELOPMENT_TEAM = Y965A522N6;
				ENABLE_PREVIEWS = YES;
				GENERATE_INFOPLIST_FILE = YES;
				INFOPLIST_KEY_UIApplicationSceneManifest_Generation = YES;
				INFOPLIST_KEY_UIApplicationSupportsIndirectInputEvents = YES;
				INFOPLIST_KEY_UILaunchScreen_Generation = YES;
				INFOPLIST_KEY_UISupportedInterfaceOrientations_iPad = "UIInterfaceOrientationPortrait UIInterfaceOrientationPortraitUpsideDown UIInterfaceOrientationLandscapeLeft UIInterfaceOrientationLandscapeRight";
				INFOPLIST_KEY_UISupportedInterfaceOrientations_iPhone = "UIInterfaceOrientationPortrait UIInterfaceOrientationLandscapeLeft UIInterfaceOrientationLandscapeRight";
				LD_RUNPATH_SEARCH_PATHS = (
					"$(inherited)",
					"@executable_path/Frameworks",
				);
				MARKETING_VERSION = 1.0;
				PRODUCT_BUNDLE_IDENTIFIER = aolehno.LearningApp;
				PRODUCT_NAME = "$(TARGET_NAME)";
				SWIFT_EMIT_LOC_STRINGS = YES;
				SWIFT_VERSION = 5.0;
				TARGETED_DEVICE_FAMILY = "1,2";
			};
			name = Release;
		};
/* End XCBuildConfiguration section */

/* Begin XCConfigurationList section */
		1A1EC119296F34500023535E /* Build configuration list for PBXProject "LearningApp" */ = {
			isa = XCConfigurationList;
			buildConfigurations = (
				1A1EC12A296F34510023535E /* Debug */,
				1A1EC12B296F34510023535E /* Release */,
			);
			defaultConfigurationIsVisible = 0;
			defaultConfigurationName = Release;
		};
		1A1EC12C296F34510023535E /* Build configuration list for PBXNativeTarget "LearningApp" */ = {
			isa = XCConfigurationList;
			buildConfigurations = (
				1A1EC12D296F34510023535E /* Debug */,
				1A1EC12E296F34510023535E /* Release */,
			);
			defaultConfigurationIsVisible = 0;
			defaultConfigurationName = Release;
		};
/* End XCConfigurationList section */
	};
	rootObject = 1A1EC116296F34500023535E /* Project object */;
}
